github.com/63isOK/a v0.0.0-20220831055503-618db86ddd02 h1:k/lfv7HqVijGes5/Mz6+ZKokHXGfe9MeqkgMuzvNuQs=
github.com/63isOK/a v0.0.0-20220831055503-618db86ddd02/go.mod h1:N8DHeTc7pxjv9cvlzcMk9H9RhjAo9R7IeJeXio/udU4=
github.com/63isOK/a v1.0.0 h1:IJRB2h8ebcEhlY/WXaUjsvis6qQpX2ec6SUbRyBwyz4=
github.com/63isOK/a v1.0.0/go.mod h1:N8DHeTc7pxjv9cvlzcMk9H9RhjAo9R7IeJeXio/udU4=
